// !$*UTF8*$!
{
	archiveVersion = 1;
	classes = {
	};
	objectVersion = 51;
	objects = {

/* Begin PBXBuildFile section */
		AE00502025F1A09C004D3181 /* CharacterPreviewViewController.swift in Sources */ = {isa = PBXBuildFile; fileRef = AE00501F25F1A09C004D3181 /* CharacterPreviewViewController.swift */; };
		AE079F7525F0258000483260 /* AppDelegate.swift in Sources */ = {isa = PBXBuildFile; fileRef = AE079F7425F0258000483260 /* AppDelegate.swift */; };
		AE079F7725F0258000483260 /* SceneDelegate.swift in Sources */ = {isa = PBXBuildFile; fileRef = AE079F7625F0258000483260 /* SceneDelegate.swift */; };
		AE079F7C25F0258000483260 /* Main.storyboard in Resources */ = {isa = PBXBuildFile; fileRef = AE079F7A25F0258000483260 /* Main.storyboard */; };
		AE079F8125F0258100483260 /* Assets.xcassets in Resources */ = {isa = PBXBuildFile; fileRef = AE079F8025F0258100483260 /* Assets.xcassets */; };
		AE079F8425F0258100483260 /* LaunchScreen.storyboard in Resources */ = {isa = PBXBuildFile; fileRef = AE079F8225F0258100483260 /* LaunchScreen.storyboard */; };
		AE079F9225F02A8300483260 /* CharactersListInteractor.swift in Sources */ = {isa = PBXBuildFile; fileRef = AE079F9125F02A8300483260 /* CharactersListInteractor.swift */; };
		AE079F9C25F02B6D00483260 /* CharactersListPresenter.swift in Sources */ = {isa = PBXBuildFile; fileRef = AE079F9B25F02B6D00483260 /* CharactersListPresenter.swift */; };
		AE079F9F25F02BEA00483260 /* CharactersListViewController.swift in Sources */ = {isa = PBXBuildFile; fileRef = AE079F9E25F02BEA00483260 /* CharactersListViewController.swift */; };
		AE079FA225F031BD00483260 /* CharactersListRouter.swift in Sources */ = {isa = PBXBuildFile; fileRef = AE079FA125F031BD00483260 /* CharactersListRouter.swift */; };
		AE079FA625F0499400483260 /* CharactersListConfigurator.swift in Sources */ = {isa = PBXBuildFile; fileRef = AE079FA525F0499400483260 /* CharactersListConfigurator.swift */; };
		AE079FB125F16B6000483260 /* CharactersListCell.swift in Sources */ = {isa = PBXBuildFile; fileRef = AE079FB025F16B6000483260 /* CharactersListCell.swift */; };
		AE79A32A25F65AF600A740C1 /* ColorPalette.swift in Sources */ = {isa = PBXBuildFile; fileRef = AE79A32925F65AF600A740C1 /* ColorPalette.swift */; };
		AE93199B25F509A300521407 /* SortAndFilterViewController.swift in Sources */ = {isa = PBXBuildFile; fileRef = AE93199A25F509A300521407 /* SortAndFilterViewController.swift */; };
		AE93199F25F50B1100521407 /* LabelCell.swift in Sources */ = {isa = PBXBuildFile; fileRef = AE93199E25F50B1100521407 /* LabelCell.swift */; };
		AE9319A225F50B2A00521407 /* CheckboxCell.swift in Sources */ = {isa = PBXBuildFile; fileRef = AE9319A125F50B2A00521407 /* CheckboxCell.swift */; };
		AE9319A525F50B4D00521407 /* SegmentedControlCell.swift in Sources */ = {isa = PBXBuildFile; fileRef = AE9319A425F50B4D00521407 /* SegmentedControlCell.swift */; };
		AE9319AC25F50C5A00521407 /* UIViewController+Containment.swift in Sources */ = {isa = PBXBuildFile; fileRef = AE9319AB25F50C5A00521407 /* UIViewController+Containment.swift */; };
		AE9319B125F53D9700521407 /* CoreDataManager.swift in Sources */ = {isa = PBXBuildFile; fileRef = AE9319B025F53D9700521407 /* CoreDataManager.swift */; };
		AE9319B525F53DA500521407 /* BreakingBad.xcdatamodeld in Sources */ = {isa = PBXBuildFile; fileRef = AE9319B325F53DA500521407 /* BreakingBad.xcdatamodeld */; };
		EFB1C32AD9429D6F37CA346B /* Pods_BreakingBad.framework in Frameworks */ = {isa = PBXBuildFile; fileRef = BFA0B57EDD798BE8DB47237A /* Pods_BreakingBad.framework */; };
/* End PBXBuildFile section */

/* Begin PBXFileReference section */
		585E9620674E465AD5198727 /* Pods-BreakingBad.release.xcconfig */ = {isa = PBXFileReference; includeInIndex = 1; lastKnownFileType = text.xcconfig; name = "Pods-BreakingBad.release.xcconfig"; path = "Target Support Files/Pods-BreakingBad/Pods-BreakingBad.release.xcconfig"; sourceTree = "<group>"; };
		AE00501F25F1A09C004D3181 /* CharacterPreviewViewController.swift */ = {isa = PBXFileReference; lastKnownFileType = sourcecode.swift; path = CharacterPreviewViewController.swift; sourceTree = "<group>"; };
		AE079F7125F0258000483260 /* BreakingBad.app */ = {isa = PBXFileReference; explicitFileType = wrapper.application; includeInIndex = 0; path = BreakingBad.app; sourceTree = BUILT_PRODUCTS_DIR; };
		AE079F7425F0258000483260 /* AppDelegate.swift */ = {isa = PBXFileReference; lastKnownFileType = sourcecode.swift; path = AppDelegate.swift; sourceTree = "<group>"; };
		AE079F7625F0258000483260 /* SceneDelegate.swift */ = {isa = PBXFileReference; lastKnownFileType = sourcecode.swift; path = SceneDelegate.swift; sourceTree = "<group>"; };
		AE079F7B25F0258000483260 /* Base */ = {isa = PBXFileReference; lastKnownFileType = file.storyboard; name = Base; path = Base.lproj/Main.storyboard; sourceTree = "<group>"; };
		AE079F8025F0258100483260 /* Assets.xcassets */ = {isa = PBXFileReference; lastKnownFileType = folder.assetcatalog; path = Assets.xcassets; sourceTree = "<group>"; };
		AE079F8325F0258100483260 /* Base */ = {isa = PBXFileReference; lastKnownFileType = file.storyboard; name = Base; path = Base.lproj/LaunchScreen.storyboard; sourceTree = "<group>"; };
		AE079F8525F0258100483260 /* Info.plist */ = {isa = PBXFileReference; lastKnownFileType = text.plist.xml; path = Info.plist; sourceTree = "<group>"; };
		AE079F9125F02A8300483260 /* CharactersListInteractor.swift */ = {isa = PBXFileReference; lastKnownFileType = sourcecode.swift; path = CharactersListInteractor.swift; sourceTree = "<group>"; };
		AE079F9B25F02B6D00483260 /* CharactersListPresenter.swift */ = {isa = PBXFileReference; lastKnownFileType = sourcecode.swift; path = CharactersListPresenter.swift; sourceTree = "<group>"; };
		AE079F9E25F02BEA00483260 /* CharactersListViewController.swift */ = {isa = PBXFileReference; lastKnownFileType = sourcecode.swift; path = CharactersListViewController.swift; sourceTree = "<group>"; };
		AE079FA125F031BD00483260 /* CharactersListRouter.swift */ = {isa = PBXFileReference; lastKnownFileType = sourcecode.swift; path = CharactersListRouter.swift; sourceTree = "<group>"; };
		AE079FA525F0499400483260 /* CharactersListConfigurator.swift */ = {isa = PBXFileReference; lastKnownFileType = sourcecode.swift; path = CharactersListConfigurator.swift; sourceTree = "<group>"; };
		AE079FB025F16B6000483260 /* CharactersListCell.swift */ = {isa = PBXFileReference; lastKnownFileType = sourcecode.swift; path = CharactersListCell.swift; sourceTree = "<group>"; };
		AE79A32925F65AF600A740C1 /* ColorPalette.swift */ = {isa = PBXFileReference; lastKnownFileType = sourcecode.swift; path = ColorPalette.swift; sourceTree = "<group>"; };
		AE93199A25F509A300521407 /* SortAndFilterViewController.swift */ = {isa = PBXFileReference; lastKnownFileType = sourcecode.swift; path = SortAndFilterViewController.swift; sourceTree = "<group>"; };
		AE93199E25F50B1100521407 /* LabelCell.swift */ = {isa = PBXFileReference; lastKnownFileType = sourcecode.swift; path = LabelCell.swift; sourceTree = "<group>"; };
		AE9319A125F50B2A00521407 /* CheckboxCell.swift */ = {isa = PBXFileReference; lastKnownFileType = sourcecode.swift; path = CheckboxCell.swift; sourceTree = "<group>"; };
		AE9319A425F50B4D00521407 /* SegmentedControlCell.swift */ = {isa = PBXFileReference; lastKnownFileType = sourcecode.swift; path = SegmentedControlCell.swift; sourceTree = "<group>"; };
		AE9319AB25F50C5A00521407 /* UIViewController+Containment.swift */ = {isa = PBXFileReference; lastKnownFileType = sourcecode.swift; path = "UIViewController+Containment.swift"; sourceTree = "<group>"; };
		AE9319B025F53D9700521407 /* CoreDataManager.swift */ = {isa = PBXFileReference; fileEncoding = 4; lastKnownFileType = sourcecode.swift; path = CoreDataManager.swift; sourceTree = "<group>"; };
		AE9319B425F53DA500521407 /* BreakingBad.xcdatamodel */ = {isa = PBXFileReference; lastKnownFileType = wrapper.xcdatamodel; path = BreakingBad.xcdatamodel; sourceTree = "<group>"; };
		BFA0B57EDD798BE8DB47237A /* Pods_BreakingBad.framework */ = {isa = PBXFileReference; explicitFileType = wrapper.framework; includeInIndex = 0; path = Pods_BreakingBad.framework; sourceTree = BUILT_PRODUCTS_DIR; };
		FDE1CA111BFB769CD8FA3B7D /* Pods-BreakingBad.debug.xcconfig */ = {isa = PBXFileReference; includeInIndex = 1; lastKnownFileType = text.xcconfig; name = "Pods-BreakingBad.debug.xcconfig"; path = "Target Support Files/Pods-BreakingBad/Pods-BreakingBad.debug.xcconfig"; sourceTree = "<group>"; };
/* End PBXFileReference section */

/* Begin PBXFrameworksBuildPhase section */
		AE079F6E25F0258000483260 /* Frameworks */ = {
			isa = PBXFrameworksBuildPhase;
			buildActionMask = 2147483647;
			files = (
				EFB1C32AD9429D6F37CA346B /* Pods_BreakingBad.framework in Frameworks */,
			);
			runOnlyForDeploymentPostprocessing = 0;
		};
/* End PBXFrameworksBuildPhase section */

/* Begin PBXGroup section */
		596061F121C17C37F1394C46 /* Frameworks */ = {
			isa = PBXGroup;
			children = (
				BFA0B57EDD798BE8DB47237A /* Pods_BreakingBad.framework */,
			);
			name = Frameworks;
			sourceTree = "<group>";
		};
		89CBBFB4F972856BEBDBFC6C /* Pods */ = {
			isa = PBXGroup;
			children = (
				FDE1CA111BFB769CD8FA3B7D /* Pods-BreakingBad.debug.xcconfig */,
				585E9620674E465AD5198727 /* Pods-BreakingBad.release.xcconfig */,
			);
			path = Pods;
			sourceTree = "<group>";
		};
		AE079F6825F0258000483260 = {
			isa = PBXGroup;
			children = (
				AE079F7325F0258000483260 /* BreakingBad */,
				AE079F7225F0258000483260 /* Products */,
				89CBBFB4F972856BEBDBFC6C /* Pods */,
				596061F121C17C37F1394C46 /* Frameworks */,
			);
			sourceTree = "<group>";
		};
		AE079F7225F0258000483260 /* Products */ = {
			isa = PBXGroup;
			children = (
				AE079F7125F0258000483260 /* BreakingBad.app */,
			);
			name = Products;
			sourceTree = "<group>";
		};
		AE079F7325F0258000483260 /* BreakingBad */ = {
			isa = PBXGroup;
			children = (
				AE29335925F301CE006A4449 /* Utility */,
				AE079F8F25F02A4A00483260 /* Flows */,
				AE079F8D25F02A4100483260 /* Initial */,
				AE079F7A25F0258000483260 /* Main.storyboard */,
				AE079F8C25F02A2800483260 /* Resourses */,
				AE079FA425F0495100483260 /* DataLayer */,
			);
			path = BreakingBad;
			sourceTree = "<group>";
		};
		AE079F8C25F02A2800483260 /* Resourses */ = {
			isa = PBXGroup;
			children = (
				AE079F8025F0258100483260 /* Assets.xcassets */,
				AE079F8225F0258100483260 /* LaunchScreen.storyboard */,
				AE079F8525F0258100483260 /* Info.plist */,
			);
			path = Resourses;
			sourceTree = "<group>";
		};
		AE079F8D25F02A4100483260 /* Initial */ = {
			isa = PBXGroup;
			children = (
				AE079F7425F0258000483260 /* AppDelegate.swift */,
				AE079F7625F0258000483260 /* SceneDelegate.swift */,
			);
			path = Initial;
			sourceTree = "<group>";
		};
		AE079F8F25F02A4A00483260 /* Flows */ = {
			isa = PBXGroup;
			children = (
				AE93199925F5098E00521407 /* SortAndFilter */,
				AE29335825F301BD006A4449 /* CharacterPreview */,
				AE079F9025F02A5200483260 /* CharacterList */,
			);
			path = Flows;
			sourceTree = "<group>";
		};
		AE079F9025F02A5200483260 /* CharacterList */ = {
			isa = PBXGroup;
			children = (
				AE079F9125F02A8300483260 /* CharactersListInteractor.swift */,
				AE079F9B25F02B6D00483260 /* CharactersListPresenter.swift */,
				AE079F9E25F02BEA00483260 /* CharactersListViewController.swift */,
				AE079FA125F031BD00483260 /* CharactersListRouter.swift */,
				AE079FA525F0499400483260 /* CharactersListConfigurator.swift */,
				AE9319A925F50BE100521407 /* Cells */,
			);
			path = CharacterList;
			sourceTree = "<group>";
		};
		AE079FA425F0495100483260 /* DataLayer */ = {
			isa = PBXGroup;
			children = (
				AE9319B325F53DA500521407 /* BreakingBad.xcdatamodeld */,
				AE9319B025F53D9700521407 /* CoreDataManager.swift */,
			);
			path = DataLayer;
			sourceTree = "<group>";
		};
		AE29335825F301BD006A4449 /* CharacterPreview */ = {
			isa = PBXGroup;
			children = (
				AE00501F25F1A09C004D3181 /* CharacterPreviewViewController.swift */,
			);
			path = CharacterPreview;
			sourceTree = "<group>";
		};
		AE29335925F301CE006A4449 /* Utility */ = {
			isa = PBXGroup;
			children = (
				AE9319AB25F50C5A00521407 /* UIViewController+Containment.swift */,
				AE79A32925F65AF600A740C1 /* ColorPalette.swift */,
			);
			path = Utility;
			sourceTree = "<group>";
		};
		AE93199925F5098E00521407 /* SortAndFilter */ = {
			isa = PBXGroup;
			children = (
				AE93199A25F509A300521407 /* SortAndFilterViewController.swift */,
				AE9319A725F50B5900521407 /* Cells */,
			);
			path = SortAndFilter;
			sourceTree = "<group>";
		};
		AE9319A725F50B5900521407 /* Cells */ = {
			isa = PBXGroup;
			children = (
				AE93199E25F50B1100521407 /* LabelCell.swift */,
				AE9319A125F50B2A00521407 /* CheckboxCell.swift */,
				AE9319A425F50B4D00521407 /* SegmentedControlCell.swift */,
			);
			path = Cells;
			sourceTree = "<group>";
		};
		AE9319A925F50BE100521407 /* Cells */ = {
			isa = PBXGroup;
			children = (
				AE079FB025F16B6000483260 /* CharactersListCell.swift */,
			);
			path = Cells;
			sourceTree = "<group>";
		};
/* End PBXGroup section */

/* Begin PBXNativeTarget section */
		AE079F7025F0258000483260 /* BreakingBad */ = {
			isa = PBXNativeTarget;
			buildConfigurationList = AE079F8825F0258100483260 /* Build configuration list for PBXNativeTarget "BreakingBad" */;
			buildPhases = (
				79540D8D2ADAE8F9626C271B /* [CP] Check Pods Manifest.lock */,
				AE079F6D25F0258000483260 /* Sources */,
				AE079F6E25F0258000483260 /* Frameworks */,
				AE079F6F25F0258000483260 /* Resources */,
				A69DC663871E72DC2BE62EBA /* [CP] Embed Pods Frameworks */,
			);
			buildRules = (
			);
			dependencies = (
			);
			name = BreakingBad;
			productName = BreakingBad;
			productReference = AE079F7125F0258000483260 /* BreakingBad.app */;
			productType = "com.apple.product-type.application";
		};
/* End PBXNativeTarget section */

/* Begin PBXProject section */
		AE079F6925F0258000483260 /* Project object */ = {
			isa = PBXProject;
			attributes = {
				LastSwiftUpdateCheck = 1240;
				LastUpgradeCheck = 1240;
				TargetAttributes = {
					AE079F7025F0258000483260 = {
						CreatedOnToolsVersion = 12.4;
					};
				};
			};
			buildConfigurationList = AE079F6C25F0258000483260 /* Build configuration list for PBXProject "BreakingBad" */;
			compatibilityVersion = "Xcode 9.3";
			developmentRegion = en;
			hasScannedForEncodings = 0;
			knownRegions = (
				en,
				Base,
			);
			mainGroup = AE079F6825F0258000483260;
			productRefGroup = AE079F7225F0258000483260 /* Products */;
			projectDirPath = "";
			projectRoot = "";
			targets = (
				AE079F7025F0258000483260 /* BreakingBad */,
			);
		};
/* End PBXProject section */

/* Begin PBXResourcesBuildPhase section */
		AE079F6F25F0258000483260 /* Resources */ = {
			isa = PBXResourcesBuildPhase;
			buildActionMask = 2147483647;
			files = (
				AE079F8425F0258100483260 /* LaunchScreen.storyboard in Resources */,
				AE079F8125F0258100483260 /* Assets.xcassets in Resources */,
				AE079F7C25F0258000483260 /* Main.storyboard in Resources */,
			);
			runOnlyForDeploymentPostprocessing = 0;
		};
/* End PBXResourcesBuildPhase section */

/* Begin PBXShellScriptBuildPhase section */
		79540D8D2ADAE8F9626C271B /* [CP] Check Pods Manifest.lock */ = {
			isa = PBXShellScriptBuildPhase;
			buildActionMask = 2147483647;
			files = (
			);
			inputFileListPaths = (
			);
			inputPaths = (
				"${PODS_PODFILE_DIR_PATH}/Podfile.lock",
				"${PODS_ROOT}/Manifest.lock",
			);
			name = "[CP] Check Pods Manifest.lock";
			outputFileListPaths = (
			);
			outputPaths = (
				"$(DERIVED_FILE_DIR)/Pods-BreakingBad-checkManifestLockResult.txt",
			);
			runOnlyForDeploymentPostprocessing = 0;
			shellPath = /bin/sh;
			shellScript = "diff \"${PODS_PODFILE_DIR_PATH}/Podfile.lock\" \"${PODS_ROOT}/Manifest.lock\" > /dev/null\nif [ $? != 0 ] ; then\n    # print error to STDERR\n    echo \"error: The sandbox is not in sync with the Podfile.lock. Run 'pod install' or update your CocoaPods installation.\" >&2\n    exit 1\nfi\n# This output is used by Xcode 'outputs' to avoid re-running this script phase.\necho \"SUCCESS\" > \"${SCRIPT_OUTPUT_FILE_0}\"\n";
			showEnvVarsInLog = 0;
		};
		A69DC663871E72DC2BE62EBA /* [CP] Embed Pods Frameworks */ = {
			isa = PBXShellScriptBuildPhase;
			buildActionMask = 2147483647;
			files = (
			);
			inputFileListPaths = (
				"${PODS_ROOT}/Target Support Files/Pods-BreakingBad/Pods-BreakingBad-frameworks-${CONFIGURATION}-input-files.xcfilelist",
			);
			name = "[CP] Embed Pods Frameworks";
			outputFileListPaths = (
				"${PODS_ROOT}/Target Support Files/Pods-BreakingBad/Pods-BreakingBad-frameworks-${CONFIGURATION}-output-files.xcfilelist",
			);
			runOnlyForDeploymentPostprocessing = 0;
			shellPath = /bin/sh;
			shellScript = "\"${PODS_ROOT}/Target Support Files/Pods-BreakingBad/Pods-BreakingBad-frameworks.sh\"\n";
			showEnvVarsInLog = 0;
		};
/* End PBXShellScriptBuildPhase section */

/* Begin PBXSourcesBuildPhase section */
		AE079F6D25F0258000483260 /* Sources */ = {
			isa = PBXSourcesBuildPhase;
			buildActionMask = 2147483647;
			files = (
				AE79A32A25F65AF600A740C1 /* ColorPalette.swift in Sources */,
				AE93199B25F509A300521407 /* SortAndFilterViewController.swift in Sources */,
				AE079F9F25F02BEA00483260 /* CharactersListViewController.swift in Sources */,
				AE079F9C25F02B6D00483260 /* CharactersListPresenter.swift in Sources */,
				AE9319B125F53D9700521407 /* CoreDataManager.swift in Sources */,
				AE9319A225F50B2A00521407 /* CheckboxCell.swift in Sources */,
				AE93199F25F50B1100521407 /* LabelCell.swift in Sources */,
				AE9319A525F50B4D00521407 /* SegmentedControlCell.swift in Sources */,
				AE9319B525F53DA500521407 /* BreakingBad.xcdatamodeld in Sources */,
				AE079FA225F031BD00483260 /* CharactersListRouter.swift in Sources */,
				AE079F7525F0258000483260 /* AppDelegate.swift in Sources */,
				AE9319AC25F50C5A00521407 /* UIViewController+Containment.swift in Sources */,
				AE079F9225F02A8300483260 /* CharactersListInteractor.swift in Sources */,
				AE079FA625F0499400483260 /* CharactersListConfigurator.swift in Sources */,
				AE00502025F1A09C004D3181 /* CharacterPreviewViewController.swift in Sources */,
				AE079FB125F16B6000483260 /* CharactersListCell.swift in Sources */,
				AE079F7725F0258000483260 /* SceneDelegate.swift in Sources */,
			);
			runOnlyForDeploymentPostprocessing = 0;
		};
/* End PBXSourcesBuildPhase section */

/* Begin PBXVariantGroup section */
		AE079F7A25F0258000483260 /* Main.storyboard */ = {
			isa = PBXVariantGroup;
			children = (
				AE079F7B25F0258000483260 /* Base */,
			);
			name = Main.storyboard;
			sourceTree = "<group>";
		};
		AE079F8225F0258100483260 /* LaunchScreen.storyboard */ = {
			isa = PBXVariantGroup;
			children = (
				AE079F8325F0258100483260 /* Base */,
			);
			name = LaunchScreen.storyboard;
			sourceTree = "<group>";
		};
/* End PBXVariantGroup section */

/* Begin XCBuildConfiguration section */
		AE079F8625F0258100483260 /* Debug */ = {
			isa = XCBuildConfiguration;
			buildSettings = {
				ALWAYS_SEARCH_USER_PATHS = NO;
				CLANG_ANALYZER_NONNULL = YES;
				CLANG_ANALYZER_NUMBER_OBJECT_CONVERSION = YES_AGGRESSIVE;
				CLANG_CXX_LANGUAGE_STANDARD = "gnu++14";
				CLANG_CXX_LIBRARY = "libc++";
				CLANG_ENABLE_MODULES = YES;
				CLANG_ENABLE_OBJC_ARC = YES;
				CLANG_ENABLE_OBJC_WEAK = YES;
				CLANG_WARN_BLOCK_CAPTURE_AUTORELEASING = YES;
				CLANG_WARN_BOOL_CONVERSION = YES;
				CLANG_WARN_COMMA = YES;
				CLANG_WARN_CONSTANT_CONVERSION = YES;
				CLANG_WARN_DEPRECATED_OBJC_IMPLEMENTATIONS = YES;
				CLANG_WARN_DIRECT_OBJC_ISA_USAGE = YES_ERROR;
				CLANG_WARN_DOCUMENTATION_COMMENTS = YES;
				CLANG_WARN_EMPTY_BODY = YES;
				CLANG_WARN_ENUM_CONVERSION = YES;
				CLANG_WARN_INFINITE_RECURSION = YES;
				CLANG_WARN_INT_CONVERSION = YES;
				CLANG_WARN_NON_LITERAL_NULL_CONVERSION = YES;
				CLANG_WARN_OBJC_IMPLICIT_RETAIN_SELF = YES;
				CLANG_WARN_OBJC_LITERAL_CONVERSION = YES;
				CLANG_WARN_OBJC_ROOT_CLASS = YES_ERROR;
				CLANG_WARN_QUOTED_INCLUDE_IN_FRAMEWORK_HEADER = YES;
				CLANG_WARN_RANGE_LOOP_ANALYSIS = YES;
				CLANG_WARN_STRICT_PROTOTYPES = YES;
				CLANG_WARN_SUSPICIOUS_MOVE = YES;
				CLANG_WARN_UNGUARDED_AVAILABILITY = YES_AGGRESSIVE;
				CLANG_WARN_UNREACHABLE_CODE = YES;
				CLANG_WARN__DUPLICATE_METHOD_MATCH = YES;
				COPY_PHASE_STRIP = NO;
				DEBUG_INFORMATION_FORMAT = dwarf;
				ENABLE_STRICT_OBJC_MSGSEND = YES;
				ENABLE_TESTABILITY = YES;
				GCC_C_LANGUAGE_STANDARD = gnu11;
				GCC_DYNAMIC_NO_PIC = NO;
				GCC_NO_COMMON_BLOCKS = YES;
				GCC_OPTIMIZATION_LEVEL = 0;
				GCC_PREPROCESSOR_DEFINITIONS = (
					"DEBUG=1",
					"$(inherited)",
				);
				GCC_WARN_64_TO_32_BIT_CONVERSION = YES;
				GCC_WARN_ABOUT_RETURN_TYPE = YES_ERROR;
				GCC_WARN_UNDECLARED_SELECTOR = YES;
				GCC_WARN_UNINITIALIZED_AUTOS = YES_AGGRESSIVE;
				GCC_WARN_UNUSED_FUNCTION = YES;
				GCC_WARN_UNUSED_VARIABLE = YES;
				IPHONEOS_DEPLOYMENT_TARGET = 14.4;
				MTL_ENABLE_DEBUG_INFO = INCLUDE_SOURCE;
				MTL_FAST_MATH = YES;
				ONLY_ACTIVE_ARCH = YES;
				SDKROOT = iphoneos;
				SWIFT_ACTIVE_COMPILATION_CONDITIONS = DEBUG;
				SWIFT_OPTIMIZATION_LEVEL = "-Onone";
			};
			name = Debug;
		};
		AE079F8725F0258100483260 /* Release */ = {
			isa = XCBuildConfiguration;
			buildSettings = {
				ALWAYS_SEARCH_USER_PATHS = NO;
				CLANG_ANALYZER_NONNULL = YES;
				CLANG_ANALYZER_NUMBER_OBJECT_CONVERSION = YES_AGGRESSIVE;
				CLANG_CXX_LANGUAGE_STANDARD = "gnu++14";
				CLANG_CXX_LIBRARY = "libc++";
				CLANG_ENABLE_MODULES = YES;
				CLANG_ENABLE_OBJC_ARC = YES;
				CLANG_ENABLE_OBJC_WEAK = YES;
				CLANG_WARN_BLOCK_CAPTURE_AUTORELEASING = YES;
				CLANG_WARN_BOOL_CONVERSION = YES;
				CLANG_WARN_COMMA = YES;
				CLANG_WARN_CONSTANT_CONVERSION = YES;
				CLANG_WARN_DEPRECATED_OBJC_IMPLEMENTATIONS = YES;
				CLANG_WARN_DIRECT_OBJC_ISA_USAGE = YES_ERROR;
				CLANG_WARN_DOCUMENTATION_COMMENTS = YES;
				CLANG_WARN_EMPTY_BODY = YES;
				CLANG_WARN_ENUM_CONVERSION = YES;
				CLANG_WARN_INFINITE_RECURSION = YES;
				CLANG_WARN_INT_CONVERSION = YES;
				CLANG_WARN_NON_LITERAL_NULL_CONVERSION = YES;
				CLANG_WARN_OBJC_IMPLICIT_RETAIN_SELF = YES;
				CLANG_WARN_OBJC_LITERAL_CONVERSION = YES;
				CLANG_WARN_OBJC_ROOT_CLASS = YES_ERROR;
				CLANG_WARN_QUOTED_INCLUDE_IN_FRAMEWORK_HEADER = YES;
				CLANG_WARN_RANGE_LOOP_ANALYSIS = YES;
				CLANG_WARN_STRICT_PROTOTYPES = YES;
				CLANG_WARN_SUSPICIOUS_MOVE = YES;
				CLANG_WARN_UNGUARDED_AVAILABILITY = YES_AGGRESSIVE;
				CLANG_WARN_UNREACHABLE_CODE = YES;
				CLANG_WARN__DUPLICATE_METHOD_MATCH = YES;
				COPY_PHASE_STRIP = NO;
				DEBUG_INFORMATION_FORMAT = "dwarf-with-dsym";
				ENABLE_NS_ASSERTIONS = NO;
				ENABLE_STRICT_OBJC_MSGSEND = YES;
				GCC_C_LANGUAGE_STANDARD = gnu11;
				GCC_NO_COMMON_BLOCKS = YES;
				GCC_WARN_64_TO_32_BIT_CONVERSION = YES;
				GCC_WARN_ABOUT_RETURN_TYPE = YES_ERROR;
				GCC_WARN_UNDECLARED_SELECTOR = YES;
				GCC_WARN_UNINITIALIZED_AUTOS = YES_AGGRESSIVE;
				GCC_WARN_UNUSED_FUNCTION = YES;
				GCC_WARN_UNUSED_VARIABLE = YES;
				IPHONEOS_DEPLOYMENT_TARGET = 14.4;
				MTL_ENABLE_DEBUG_INFO = NO;
				MTL_FAST_MATH = YES;
				SDKROOT = iphoneos;
				SWIFT_COMPILATION_MODE = wholemodule;
				SWIFT_OPTIMIZATION_LEVEL = "-O";
				VALIDATE_PRODUCT = YES;
			};
			name = Release;
		};
		AE079F8925F0258100483260 /* Debug */ = {
			isa = XCBuildConfiguration;
			baseConfigurationReference = FDE1CA111BFB769CD8FA3B7D /* Pods-BreakingBad.debug.xcconfig */;
			buildSettings = {
				ASSETCATALOG_COMPILER_APPICON_NAME = AppIcon;
				ASSETCATALOG_COMPILER_GLOBAL_ACCENT_COLOR_NAME = AccentColor;
				CODE_SIGN_STYLE = Automatic;
				INFOPLIST_FILE = BreakingBad/Resourses/Info.plist;
				LD_RUNPATH_SEARCH_PATHS = (
					"$(inherited)",
					"@executable_path/Frameworks",
				);
				PRODUCT_BUNDLE_IDENTIFIER = SVP.BreakingBad;
				PRODUCT_NAME = "$(TARGET_NAME)";
				SWIFT_VERSION = 5.0;
				TARGETED_DEVICE_FAMILY = "1,2";
			};
			name = Debug;
		};
		AE079F8A25F0258100483260 /* Release */ = {
			isa = XCBuildConfiguration;
			baseConfigurationReference = 585E9620674E465AD5198727 /* Pods-BreakingBad.release.xcconfig */;
			buildSettings = {
				ASSETCATALOG_COMPILER_APPICON_NAME = AppIcon;
				ASSETCATALOG_COMPILER_GLOBAL_ACCENT_COLOR_NAME = AccentColor;
				CODE_SIGN_STYLE = Automatic;
				INFOPLIST_FILE = BreakingBad/Resourses/Info.plist;
				LD_RUNPATH_SEARCH_PATHS = (
					"$(inherited)",
					"@executable_path/Frameworks",
				);
				PRODUCT_BUNDLE_IDENTIFIER = SVP.BreakingBad;
				PRODUCT_NAME = "$(TARGET_NAME)";
				SWIFT_VERSION = 5.0;
				TARGETED_DEVICE_FAMILY = "1,2";
			};
			name = Release;
		};
/* End XCBuildConfiguration section */

/* Begin XCConfigurationList section */
		AE079F6C25F0258000483260 /* Build configuration list for PBXProject "BreakingBad" */ = {
			isa = XCConfigurationList;
			buildConfigurations = (
				AE079F8625F0258100483260 /* Debug */,
				AE079F8725F0258100483260 /* Release */,
			);
			defaultConfigurationIsVisible = 0;
			defaultConfigurationName = Release;
		};
		AE079F8825F0258100483260 /* Build configuration list for PBXNativeTarget "BreakingBad" */ = {
			isa = XCConfigurationList;
			buildConfigurations = (
				AE079F8925F0258100483260 /* Debug */,
				AE079F8A25F0258100483260 /* Release */,
			);
			defaultConfigurationIsVisible = 0;
			defaultConfigurationName = Release;
		};
/* End XCConfigurationList section */

/* Begin XCVersionGroup section */
		AE9319B325F53DA500521407 /* BreakingBad.xcdatamodeld */ = {
			isa = XCVersionGroup;
			children = (
				AE9319B425F53DA500521407 /* BreakingBad.xcdatamodel */,
			);
			currentVersion = AE9319B425F53DA500521407 /* BreakingBad.xcdatamodel */;
			name = BreakingBad.xcdatamodeld;
			path = "../../../../Desktop/old breaking bad/BreakingBad/DataLayer/BreakingBad.xcdatamodeld";
			sourceTree = "<group>";
			versionGroupType = wrapper.xcdatamodel;
		};
/* End XCVersionGroup section */
	};
	rootObject = AE079F6925F0258000483260 /* Project object */;
}
